// !$*UTF8*$!
{
	archiveVersion = 1;
	classes = {
	};
	objectVersion = 77;
	objects = {

/* Begin PBXBuildFile section */
		ED3D3CAC2E252A0300EF75B1 /* SharpnezDesignSystemSwiftUI in Frameworks */ = {isa = PBXBuildFile; productRef = ED3D3CAB2E252A0300EF75B1 /* SharpnezDesignSystemSwiftUI */; };
		ED6A76E72E1F09D500B66322 /* SharpnezDesignSystemSwiftUI in Frameworks */ = {isa = PBXBuildFile; productRef = ED6A76E62E1F09D500B66322 /* SharpnezDesignSystemSwiftUI */; };
		ED6E0BFD2E21DC490013803E /* FirebaseFirestore in Frameworks */ = {isa = PBXBuildFile; productRef = ED6E0BFC2E21DC490013803E /* FirebaseFirestore */; };
		ED8DA34D2E2130FE00897E3C /* SharpnezDesignSystemSwiftUI in Frameworks */ = {isa = PBXBuildFile; productRef = ED8DA34C2E2130FE00897E3C /* SharpnezDesignSystemSwiftUI */; };
		EDBF21552E27C17200D1A277 /* SharpnezCore in Frameworks */ = {isa = PBXBuildFile; productRef = EDBF21542E27C17200D1A277 /* SharpnezCore */; };
		EDDAAB312E27DC9A0025AED9 /* SharpnezDesignSystemSwiftUI in Frameworks */ = {isa = PBXBuildFile; productRef = EDDAAB302E27DC9A0025AED9 /* SharpnezDesignSystemSwiftUI */; };
		EDFE8FD02E212EB200F1F9D3 /* FirebaseAuth in Frameworks */ = {isa = PBXBuildFile; productRef = EDFE8FCF2E212EB200F1F9D3 /* FirebaseAuth */; };
		EDFE8FD22E212EB200F1F9D3 /* FirebaseCore in Frameworks */ = {isa = PBXBuildFile; productRef = EDFE8FD12E212EB200F1F9D3 /* FirebaseCore */; };
		EDFE8FD52E212EC000F1F9D3 /* GoogleSignIn in Frameworks */ = {isa = PBXBuildFile; productRef = EDFE8FD42E212EC000F1F9D3 /* GoogleSignIn */; };
		EDFE8FD72E212EC000F1F9D3 /* GoogleSignInSwift in Frameworks */ = {isa = PBXBuildFile; productRef = EDFE8FD62E212EC000F1F9D3 /* GoogleSignInSwift */; };
/* End PBXBuildFile section */

/* Begin PBXFileReference section */
		ED90B1C02DFC4C1D008AE528 /* FinancialControl.app */ = {isa = PBXFileReference; explicitFileType = wrapper.application; includeInIndex = 0; path = FinancialControl.app; sourceTree = BUILT_PRODUCTS_DIR; };
/* End PBXFileReference section */

/* Begin PBXFileSystemSynchronizedBuildFileExceptionSet section */
		ED90B1FF2DFC5381008AE528 /* Exceptions for "FinancialControl" folder in "FinancialControl" target */ = {
			isa = PBXFileSystemSynchronizedBuildFileExceptionSet;
			membershipExceptions = (
				Resources/Info.plist,
			);
			target = ED90B1BF2DFC4C1D008AE528 /* FinancialControl */;
		};
/* End PBXFileSystemSynchronizedBuildFileExceptionSet section */

/* Begin PBXFileSystemSynchronizedRootGroup section */
		ED90B1C22DFC4C1D008AE528 /* FinancialControl */ = {
			isa = PBXFileSystemSynchronizedRootGroup;
			exceptions = (
				ED90B1FF2DFC5381008AE528 /* Exceptions for "FinancialControl" folder in "FinancialControl" target */,
			);
			path = FinancialControl;
			sourceTree = "<group>";
		};
/* End PBXFileSystemSynchronizedRootGroup section */

/* Begin PBXFrameworksBuildPhase section */
		ED90B1BD2DFC4C1D008AE528 /* Frameworks */ = {
			isa = PBXFrameworksBuildPhase;
			buildActionMask = 2147483647;
			files = (
				ED3D3CAC2E252A0300EF75B1 /* SharpnezDesignSystemSwiftUI in Frameworks */,
				ED8DA34D2E2130FE00897E3C /* SharpnezDesignSystemSwiftUI in Frameworks */,
				EDBF21552E27C17200D1A277 /* SharpnezCore in Frameworks */,
				EDFE8FD72E212EC000F1F9D3 /* GoogleSignInSwift in Frameworks */,
				EDDAAB312E27DC9A0025AED9 /* SharpnezDesignSystemSwiftUI in Frameworks */,
				ED6A76E72E1F09D500B66322 /* SharpnezDesignSystemSwiftUI in Frameworks */,
				EDFE8FD52E212EC000F1F9D3 /* GoogleSignIn in Frameworks */,
				ED6E0BFD2E21DC490013803E /* FirebaseFirestore in Frameworks */,
				EDFE8FD22E212EB200F1F9D3 /* FirebaseCore in Frameworks */,
				EDFE8FD02E212EB200F1F9D3 /* FirebaseAuth in Frameworks */,
			);
			runOnlyForDeploymentPostprocessing = 0;
		};
/* End PBXFrameworksBuildPhase section */

/* Begin PBXGroup section */
		ED6A76ED2E1F0F0200B66322 /* Frameworks */ = {
			isa = PBXGroup;
			children = (
			);
			name = Frameworks;
			sourceTree = "<group>";
		};
		ED90B1B72DFC4C1D008AE528 = {
			isa = PBXGroup;
			children = (
				ED90B1C22DFC4C1D008AE528 /* FinancialControl */,
				ED6A76ED2E1F0F0200B66322 /* Frameworks */,
				ED90B1C12DFC4C1D008AE528 /* Products */,
			);
			sourceTree = "<group>";
		};
		ED90B1C12DFC4C1D008AE528 /* Products */ = {
			isa = PBXGroup;
			children = (
				ED90B1C02DFC4C1D008AE528 /* FinancialControl.app */,
			);
			name = Products;
			sourceTree = "<group>";
		};
/* End PBXGroup section */

/* Begin PBXNativeTarget section */
		ED90B1BF2DFC4C1D008AE528 /* FinancialControl */ = {
			isa = PBXNativeTarget;
			buildConfigurationList = ED90B1CE2DFC4C1E008AE528 /* Build configuration list for PBXNativeTarget "FinancialControl" */;
			buildPhases = (
				ED90B1BC2DFC4C1D008AE528 /* Sources */,
				ED90B1BD2DFC4C1D008AE528 /* Frameworks */,
				ED90B1BE2DFC4C1D008AE528 /* Resources */,
			);
			buildRules = (
			);
			dependencies = (
			);
			fileSystemSynchronizedGroups = (
				ED90B1C22DFC4C1D008AE528 /* FinancialControl */,
			);
			name = FinancialControl;
			packageProductDependencies = (
				ED6A76E62E1F09D500B66322 /* SharpnezDesignSystemSwiftUI */,
				EDFE8FCF2E212EB200F1F9D3 /* FirebaseAuth */,
				EDFE8FD12E212EB200F1F9D3 /* FirebaseCore */,
				EDFE8FD42E212EC000F1F9D3 /* GoogleSignIn */,
				EDFE8FD62E212EC000F1F9D3 /* GoogleSignInSwift */,
				ED8DA34C2E2130FE00897E3C /* SharpnezDesignSystemSwiftUI */,
				ED6E0BFC2E21DC490013803E /* FirebaseFirestore */,
				ED3D3CAB2E252A0300EF75B1 /* SharpnezDesignSystemSwiftUI */,
				EDBF21542E27C17200D1A277 /* SharpnezCore */,
				EDDAAB302E27DC9A0025AED9 /* SharpnezDesignSystemSwiftUI */,
			);
			productName = FinancialControl;
			productReference = ED90B1C02DFC4C1D008AE528 /* FinancialControl.app */;
			productType = "com.apple.product-type.application";
		};
/* End PBXNativeTarget section */

/* Begin PBXProject section */
		ED90B1B82DFC4C1D008AE528 /* Project object */ = {
			isa = PBXProject;
			attributes = {
				BuildIndependentTargetsInParallel = 1;
				LastSwiftUpdateCheck = 2600;
				LastUpgradeCheck = 2600;
				TargetAttributes = {
					ED90B1BF2DFC4C1D008AE528 = {
						CreatedOnToolsVersion = 26.0;
					};
				};
			};
			buildConfigurationList = ED90B1BB2DFC4C1D008AE528 /* Build configuration list for PBXProject "FinancialControl" */;
			developmentRegion = en;
			hasScannedForEncodings = 0;
			knownRegions = (
				en,
				Base,
				"pt-BR",
			);
			mainGroup = ED90B1B72DFC4C1D008AE528;
			minimizedProjectReferenceProxies = 1;
			packageReferences = (
				EDFE8FCE2E212EB200F1F9D3 /* XCRemoteSwiftPackageReference "firebase-ios-sdk" */,
				EDFE8FD32E212EC000F1F9D3 /* XCRemoteSwiftPackageReference "GoogleSignIn-iOS" */,
				EDBF21532E27C17200D1A277 /* XCRemoteSwiftPackageReference "sdk-ios-sharpnez-core" */,
				EDDAAB2F2E27DC9A0025AED9 /* XCLocalSwiftPackageReference "../../../Sharpnez/sdk-ios-sharpnez-design-system-swiftui" */,
			);
			preferredProjectObjectVersion = 77;
			productRefGroup = ED90B1C12DFC4C1D008AE528 /* Products */;
			projectDirPath = "";
			projectRoot = "";
			targets = (
				ED90B1BF2DFC4C1D008AE528 /* FinancialControl */,
			);
		};
/* End PBXProject section */

/* Begin PBXResourcesBuildPhase section */
		ED90B1BE2DFC4C1D008AE528 /* Resources */ = {
			isa = PBXResourcesBuildPhase;
			buildActionMask = 2147483647;
			files = (
			);
			runOnlyForDeploymentPostprocessing = 0;
		};
/* End PBXResourcesBuildPhase section */

/* Begin PBXSourcesBuildPhase section */
		ED90B1BC2DFC4C1D008AE528 /* Sources */ = {
			isa = PBXSourcesBuildPhase;
			buildActionMask = 2147483647;
			files = (
			);
			runOnlyForDeploymentPostprocessing = 0;
		};
/* End PBXSourcesBuildPhase section */

/* Begin XCBuildConfiguration section */
		ED90B1CF2DFC4C1E008AE528 /* Debug */ = {
			isa = XCBuildConfiguration;
			buildSettings = {
				ASSETCATALOG_COMPILER_APPICON_NAME = AppIcon;
				ASSETCATALOG_COMPILER_GLOBAL_ACCENT_COLOR_NAME = AccentColor;
				CODE_SIGN_STYLE = Automatic;
				CURRENT_PROJECT_VERSION = 1;
				DEVELOPMENT_TEAM = 9Y7M54NCKD;
				ENABLE_APP_SANDBOX = YES;
				ENABLE_PREVIEWS = YES;
				ENABLE_USER_SELECTED_FILES = readonly;
				GENERATE_INFOPLIST_FILE = YES;
				INFOPLIST_FILE = FinancialControl/Resources/Info.plist;
				INFOPLIST_KEY_CFBundleDisplayName = "Financial Control";
				INFOPLIST_KEY_LSApplicationCategoryType = "public.app-category.finance";
				INFOPLIST_KEY_NSFaceIDUsageDescription = "FinancialControl Authentication with TouchId or FaceID";
				"INFOPLIST_KEY_UIApplicationSceneManifest_Generation[sdk=iphoneos*]" = YES;
				"INFOPLIST_KEY_UIApplicationSceneManifest_Generation[sdk=iphonesimulator*]" = YES;
				"INFOPLIST_KEY_UIApplicationSupportsIndirectInputEvents[sdk=iphoneos*]" = YES;
				"INFOPLIST_KEY_UIApplicationSupportsIndirectInputEvents[sdk=iphonesimulator*]" = YES;
				"INFOPLIST_KEY_UILaunchScreen_Generation[sdk=iphoneos*]" = YES;
				"INFOPLIST_KEY_UILaunchScreen_Generation[sdk=iphonesimulator*]" = YES;
				"INFOPLIST_KEY_UIStatusBarStyle[sdk=iphoneos*]" = UIStatusBarStyleDefault;
				"INFOPLIST_KEY_UIStatusBarStyle[sdk=iphonesimulator*]" = UIStatusBarStyleDefault;
				INFOPLIST_KEY_UISupportedInterfaceOrientations = "UIInterfaceOrientationLandscapeLeft UIInterfaceOrientationLandscapeRight UIInterfaceOrientationPortrait UIInterfaceOrientationPortraitUpsideDown";
				IPHONEOS_DEPLOYMENT_TARGET = 26.0;
				LD_RUNPATH_SEARCH_PATHS = "@executable_path/Frameworks";
				"LD_RUNPATH_SEARCH_PATHS[sdk=macosx*]" = "@executable_path/../Frameworks";
				MACOSX_DEPLOYMENT_TARGET = 26.0;
				MARKETING_VERSION = 1.0;
				PRODUCT_BUNDLE_IDENTIFIER = com.tiagoLinhares.FinancialControl;
				PRODUCT_NAME = "$(TARGET_NAME)";
				REGISTER_APP_GROUPS = YES;
				SDKROOT = auto;
				STRING_CATALOG_GENERATE_SYMBOLS = YES;
				SUPPORTED_PLATFORMS = "iphoneos iphonesimulator";
				SUPPORTS_MACCATALYST = NO;
				SUPPORTS_MAC_DESIGNED_FOR_IPHONE_IPAD = YES;
				SUPPORTS_XR_DESIGNED_FOR_IPHONE_IPAD = YES;
				SWIFT_DEFAULT_ACTOR_ISOLATION = MainActor;
				SWIFT_EMIT_LOC_STRINGS = YES;
				SWIFT_UPCOMING_FEATURE_MEMBER_IMPORT_VISIBILITY = YES;
				SWIFT_VERSION = 6.0;
				TARGETED_DEVICE_FAMILY = "1,2";
				XROS_DEPLOYMENT_TARGET = 26.0;
			};
			name = Debug;
		};
		ED90B1D02DFC4C1E008AE528 /* Release */ = {
			isa = XCBuildConfiguration;
			buildSettings = {
				ASSETCATALOG_COMPILER_APPICON_NAME = AppIcon;
				ASSETCATALOG_COMPILER_GLOBAL_ACCENT_COLOR_NAME = AccentColor;
				CODE_SIGN_STYLE = Automatic;
				CURRENT_PROJECT_VERSION = 1;
				DEVELOPMENT_TEAM = 9Y7M54NCKD;
				ENABLE_APP_SANDBOX = YES;
				ENABLE_PREVIEWS = YES;
				ENABLE_USER_SELECTED_FILES = readonly;
				GENERATE_INFOPLIST_FILE = YES;
				INFOPLIST_FILE = FinancialControl/Resources/Info.plist;
				INFOPLIST_KEY_CFBundleDisplayName = "Financial Control";
				INFOPLIST_KEY_LSApplicationCategoryType = "public.app-category.finance";
				INFOPLIST_KEY_NSFaceIDUsageDescription = "FinancialControl Authentication with TouchId or FaceID";
				"INFOPLIST_KEY_UIApplicationSceneManifest_Generation[sdk=iphoneos*]" = YES;
				"INFOPLIST_KEY_UIApplicationSceneManifest_Generation[sdk=iphonesimulator*]" = YES;
				"INFOPLIST_KEY_UIApplicationSupportsIndirectInputEvents[sdk=iphoneos*]" = YES;
				"INFOPLIST_KEY_UIApplicationSupportsIndirectInputEvents[sdk=iphonesimulator*]" = YES;
				"INFOPLIST_KEY_UILaunchScreen_Generation[sdk=iphoneos*]" = YES;
				"INFOPLIST_KEY_UILaunchScreen_Generation[sdk=iphonesimulator*]" = YES;
				"INFOPLIST_KEY_UIStatusBarStyle[sdk=iphoneos*]" = UIStatusBarStyleDefault;
				"INFOPLIST_KEY_UIStatusBarStyle[sdk=iphonesimulator*]" = UIStatusBarStyleDefault;
				INFOPLIST_KEY_UISupportedInterfaceOrientations = "UIInterfaceOrientationLandscapeLeft UIInterfaceOrientationLandscapeRight UIInterfaceOrientationPortrait UIInterfaceOrientationPortraitUpsideDown";
				IPHONEOS_DEPLOYMENT_TARGET = 26.0;
				LD_RUNPATH_SEARCH_PATHS = "@executable_path/Frameworks";
				"LD_RUNPATH_SEARCH_PATHS[sdk=macosx*]" = "@executable_path/../Frameworks";
				MACOSX_DEPLOYMENT_TARGET = 26.0;
				MARKETING_VERSION = 1.0;
				PRODUCT_BUNDLE_IDENTIFIER = com.tiagoLinhares.FinancialControl;
				PRODUCT_NAME = "$(TARGET_NAME)";
				REGISTER_APP_GROUPS = YES;
				SDKROOT = auto;
				STRING_CATALOG_GENERATE_SYMBOLS = YES;
				SUPPORTED_PLATFORMS = "iphoneos iphonesimulator";
				SUPPORTS_MACCATALYST = NO;
				SUPPORTS_MAC_DESIGNED_FOR_IPHONE_IPAD = YES;
				SUPPORTS_XR_DESIGNED_FOR_IPHONE_IPAD = YES;
				SWIFT_DEFAULT_ACTOR_ISOLATION = MainActor;
				SWIFT_EMIT_LOC_STRINGS = YES;
				SWIFT_UPCOMING_FEATURE_MEMBER_IMPORT_VISIBILITY = YES;
				SWIFT_VERSION = 6.0;
				TARGETED_DEVICE_FAMILY = "1,2";
				XROS_DEPLOYMENT_TARGET = 26.0;
			};
			name = Release;
		};
		ED90B1D12DFC4C1E008AE528 /* Debug */ = {
			isa = XCBuildConfiguration;
			buildSettings = {
				ALWAYS_SEARCH_USER_PATHS = NO;
				ASSETCATALOG_COMPILER_GENERATE_SWIFT_ASSET_SYMBOL_EXTENSIONS = YES;
				CLANG_ANALYZER_NONNULL = YES;
				CLANG_ANALYZER_NUMBER_OBJECT_CONVERSION = YES_AGGRESSIVE;
				CLANG_CXX_LANGUAGE_STANDARD = "gnu++20";
				CLANG_ENABLE_MODULES = YES;
				CLANG_ENABLE_OBJC_ARC = YES;
				CLANG_ENABLE_OBJC_WEAK = YES;
				CLANG_WARN_BLOCK_CAPTURE_AUTORELEASING = YES;
				CLANG_WARN_BOOL_CONVERSION = YES;
				CLANG_WARN_COMMA = YES;
				CLANG_WARN_CONSTANT_CONVERSION = YES;
				CLANG_WARN_DEPRECATED_OBJC_IMPLEMENTATIONS = YES;
				CLANG_WARN_DIRECT_OBJC_ISA_USAGE = YES_ERROR;
				CLANG_WARN_DOCUMENTATION_COMMENTS = YES;
				CLANG_WARN_EMPTY_BODY = YES;
				CLANG_WARN_ENUM_CONVERSION = YES;
				CLANG_WARN_INFINITE_RECURSION = YES;
				CLANG_WARN_INT_CONVERSION = YES;
				CLANG_WARN_NON_LITERAL_NULL_CONVERSION = YES;
				CLANG_WARN_OBJC_IMPLICIT_RETAIN_SELF = YES;
				CLANG_WARN_OBJC_LITERAL_CONVERSION = YES;
				CLANG_WARN_OBJC_ROOT_CLASS = YES_ERROR;
				CLANG_WARN_QUOTED_INCLUDE_IN_FRAMEWORK_HEADER = YES;
				CLANG_WARN_RANGE_LOOP_ANALYSIS = YES;
				CLANG_WARN_STRICT_PROTOTYPES = YES;
				CLANG_WARN_SUSPICIOUS_MOVE = YES;
				CLANG_WARN_UNGUARDED_AVAILABILITY = YES_AGGRESSIVE;
				CLANG_WARN_UNREACHABLE_CODE = YES;
				CLANG_WARN__DUPLICATE_METHOD_MATCH = YES;
				COPY_PHASE_STRIP = NO;
				DEBUG_INFORMATION_FORMAT = dwarf;
				ENABLE_STRICT_OBJC_MSGSEND = YES;
				ENABLE_TESTABILITY = YES;
				ENABLE_USER_SCRIPT_SANDBOXING = YES;
				GCC_C_LANGUAGE_STANDARD = gnu17;
				GCC_DYNAMIC_NO_PIC = NO;
				GCC_NO_COMMON_BLOCKS = YES;
				GCC_OPTIMIZATION_LEVEL = 0;
				GCC_PREPROCESSOR_DEFINITIONS = (
					"DEBUG=1",
					"$(inherited)",
				);
				GCC_WARN_64_TO_32_BIT_CONVERSION = YES;
				GCC_WARN_ABOUT_RETURN_TYPE = YES_ERROR;
				GCC_WARN_UNDECLARED_SELECTOR = YES;
				GCC_WARN_UNINITIALIZED_AUTOS = YES_AGGRESSIVE;
				GCC_WARN_UNUSED_FUNCTION = YES;
				GCC_WARN_UNUSED_VARIABLE = YES;
				LOCALIZATION_PREFERS_STRING_CATALOGS = YES;
				MTL_ENABLE_DEBUG_INFO = INCLUDE_SOURCE;
				MTL_FAST_MATH = YES;
				ONLY_ACTIVE_ARCH = YES;
				SWIFT_ACTIVE_COMPILATION_CONDITIONS = "DEBUG $(inherited)";
				SWIFT_OPTIMIZATION_LEVEL = "-Onone";
			};
			name = Debug;
		};
		ED90B1D22DFC4C1E008AE528 /* Release */ = {
			isa = XCBuildConfiguration;
			buildSettings = {
				ALWAYS_SEARCH_USER_PATHS = NO;
				ASSETCATALOG_COMPILER_GENERATE_SWIFT_ASSET_SYMBOL_EXTENSIONS = YES;
				CLANG_ANALYZER_NONNULL = YES;
				CLANG_ANALYZER_NUMBER_OBJECT_CONVERSION = YES_AGGRESSIVE;
				CLANG_CXX_LANGUAGE_STANDARD = "gnu++20";
				CLANG_ENABLE_MODULES = YES;
				CLANG_ENABLE_OBJC_ARC = YES;
				CLANG_ENABLE_OBJC_WEAK = YES;
				CLANG_WARN_BLOCK_CAPTURE_AUTORELEASING = YES;
				CLANG_WARN_BOOL_CONVERSION = YES;
				CLANG_WARN_COMMA = YES;
				CLANG_WARN_CONSTANT_CONVERSION = YES;
				CLANG_WARN_DEPRECATED_OBJC_IMPLEMENTATIONS = YES;
				CLANG_WARN_DIRECT_OBJC_ISA_USAGE = YES_ERROR;
				CLANG_WARN_DOCUMENTATION_COMMENTS = YES;
				CLANG_WARN_EMPTY_BODY = YES;
				CLANG_WARN_ENUM_CONVERSION = YES;
				CLANG_WARN_INFINITE_RECURSION = YES;
				CLANG_WARN_INT_CONVERSION = YES;
				CLANG_WARN_NON_LITERAL_NULL_CONVERSION = YES;
				CLANG_WARN_OBJC_IMPLICIT_RETAIN_SELF = YES;
				CLANG_WARN_OBJC_LITERAL_CONVERSION = YES;
				CLANG_WARN_OBJC_ROOT_CLASS = YES_ERROR;
				CLANG_WARN_QUOTED_INCLUDE_IN_FRAMEWORK_HEADER = YES;
				CLANG_WARN_RANGE_LOOP_ANALYSIS = YES;
				CLANG_WARN_STRICT_PROTOTYPES = YES;
				CLANG_WARN_SUSPICIOUS_MOVE = YES;
				CLANG_WARN_UNGUARDED_AVAILABILITY = YES_AGGRESSIVE;
				CLANG_WARN_UNREACHABLE_CODE = YES;
				CLANG_WARN__DUPLICATE_METHOD_MATCH = YES;
				COPY_PHASE_STRIP = NO;
				DEBUG_INFORMATION_FORMAT = "dwarf-with-dsym";
				ENABLE_NS_ASSERTIONS = NO;
				ENABLE_STRICT_OBJC_MSGSEND = YES;
				ENABLE_USER_SCRIPT_SANDBOXING = YES;
				GCC_C_LANGUAGE_STANDARD = gnu17;
				GCC_NO_COMMON_BLOCKS = YES;
				GCC_WARN_64_TO_32_BIT_CONVERSION = YES;
				GCC_WARN_ABOUT_RETURN_TYPE = YES_ERROR;
				GCC_WARN_UNDECLARED_SELECTOR = YES;
				GCC_WARN_UNINITIALIZED_AUTOS = YES_AGGRESSIVE;
				GCC_WARN_UNUSED_FUNCTION = YES;
				GCC_WARN_UNUSED_VARIABLE = YES;
				LOCALIZATION_PREFERS_STRING_CATALOGS = YES;
				MTL_ENABLE_DEBUG_INFO = NO;
				MTL_FAST_MATH = YES;
				SWIFT_COMPILATION_MODE = wholemodule;
			};
			name = Release;
		};
/* End XCBuildConfiguration section */

/* Begin XCConfigurationList section */
		ED90B1BB2DFC4C1D008AE528 /* Build configuration list for PBXProject "FinancialControl" */ = {
			isa = XCConfigurationList;
			buildConfigurations = (
				ED90B1D12DFC4C1E008AE528 /* Debug */,
				ED90B1D22DFC4C1E008AE528 /* Release */,
			);
			defaultConfigurationIsVisible = 0;
			defaultConfigurationName = Release;
		};
		ED90B1CE2DFC4C1E008AE528 /* Build configuration list for PBXNativeTarget "FinancialControl" */ = {
			isa = XCConfigurationList;
			buildConfigurations = (
				ED90B1CF2DFC4C1E008AE528 /* Debug */,
				ED90B1D02DFC4C1E008AE528 /* Release */,
			);
			defaultConfigurationIsVisible = 0;
			defaultConfigurationName = Release;
		};
/* End XCConfigurationList section */

/* Begin XCLocalSwiftPackageReference section */
		EDDAAB2F2E27DC9A0025AED9 /* XCLocalSwiftPackageReference "../../../Sharpnez/sdk-ios-sharpnez-design-system-swiftui" */ = {
			isa = XCLocalSwiftPackageReference;
			relativePath = "../../../Sharpnez/sdk-ios-sharpnez-design-system-swiftui";
		};
/* End XCLocalSwiftPackageReference section */

/* Begin XCRemoteSwiftPackageReference section */
		EDBF21532E27C17200D1A277 /* XCRemoteSwiftPackageReference "sdk-ios-sharpnez-core" */ = {
			isa = XCRemoteSwiftPackageReference;
			repositoryURL = "https://github.com/TiagoLinharess/sdk-ios-sharpnez-core";
			requirement = {
				branch = main;
				kind = branch;
			};
		};
		EDFE8FCE2E212EB200F1F9D3 /* XCRemoteSwiftPackageReference "firebase-ios-sdk" */ = {
			isa = XCRemoteSwiftPackageReference;
			repositoryURL = "https://github.com/firebase/firebase-ios-sdk";
			requirement = {
				kind = upToNextMajorVersion;
				minimumVersion = 11.15.0;
			};
		};
		EDFE8FD32E212EC000F1F9D3 /* XCRemoteSwiftPackageReference "GoogleSignIn-iOS" */ = {
			isa = XCRemoteSwiftPackageReference;
			repositoryURL = "https://github.com/google/GoogleSignIn-iOS";
			requirement = {
				kind = upToNextMajorVersion;
				minimumVersion = 9.0.0;
			};
		};
/* End XCRemoteSwiftPackageReference section */

/* Begin XCSwiftPackageProductDependency section */
		ED3D3CAB2E252A0300EF75B1 /* SharpnezDesignSystemSwiftUI */ = {
			isa = XCSwiftPackageProductDependency;
			productName = SharpnezDesignSystemSwiftUI;
		};
		ED6A76E62E1F09D500B66322 /* SharpnezDesignSystemSwiftUI */ = {
			isa = XCSwiftPackageProductDependency;
			productName = SharpnezDesignSystemSwiftUI;
		};
		ED6E0BFC2E21DC490013803E /* FirebaseFirestore */ = {
			isa = XCSwiftPackageProductDependency;
			package = EDFE8FCE2E212EB200F1F9D3 /* XCRemoteSwiftPackageReference "firebase-ios-sdk" */;
			productName = FirebaseFirestore;
		};
		ED8DA34C2E2130FE00897E3C /* SharpnezDesignSystemSwiftUI */ = {
			isa = XCSwiftPackageProductDependency;
			productName = SharpnezDesignSystemSwiftUI;
		};
		EDBF21542E27C17200D1A277 /* SharpnezCore */ = {
			isa = XCSwiftPackageProductDependency;
			package = EDBF21532E27C17200D1A277 /* XCRemoteSwiftPackageReference "sdk-ios-sharpnez-core" */;
			productName = SharpnezCore;
		};
		EDDAAB302E27DC9A0025AED9 /* SharpnezDesignSystemSwiftUI */ = {
			isa = XCSwiftPackageProductDependency;
			productName = SharpnezDesignSystemSwiftUI;
		};
		EDFE8FCF2E212EB200F1F9D3 /* FirebaseAuth */ = {
			isa = XCSwiftPackageProductDependency;
			package = EDFE8FCE2E212EB200F1F9D3 /* XCRemoteSwiftPackageReference "firebase-ios-sdk" */;
			productName = FirebaseAuth;
		};
		EDFE8FD12E212EB200F1F9D3 /* FirebaseCore */ = {
			isa = XCSwiftPackageProductDependency;
			package = EDFE8FCE2E212EB200F1F9D3 /* XCRemoteSwiftPackageReference "firebase-ios-sdk" */;
			productName = FirebaseCore;
		};
		EDFE8FD42E212EC000F1F9D3 /* GoogleSignIn */ = {
			isa = XCSwiftPackageProductDependency;
			package = EDFE8FD32E212EC000F1F9D3 /* XCRemoteSwiftPackageReference "GoogleSignIn-iOS" */;
			productName = GoogleSignIn;
		};
		EDFE8FD62E212EC000F1F9D3 /* GoogleSignInSwift */ = {
			isa = XCSwiftPackageProductDependency;
			package = EDFE8FD32E212EC000F1F9D3 /* XCRemoteSwiftPackageReference "GoogleSignIn-iOS" */;
			productName = GoogleSignInSwift;
		};
/* End XCSwiftPackageProductDependency section */
	};
	rootObject = ED90B1B82DFC4C1D008AE528 /* Project object */;
}
